{
  "name": "union_fashion_mall",
  "version": "1.0.0",
  "lockfileVersion": 3,
  "requires": true,
  "packages": {
    "": {
      "name": "union_fashion_mall",
      "version": "1.0.0",
      "license": "ISC",
      "dependencies": {
        "@flaticon/flaticon-uicons": "^3.1.0",
        "@fortawesome/fontawesome-free": "^6.5.1",
        "@splidejs/splide": "^4.1.4",
        "bootstrap": "^5.3.2"
      }
    },
    "node_modules/@flaticon/flaticon-uicons": {
      "version": "3.1.0",
      "resolved": "https://registry.npmjs.org/@flaticon/flaticon-uicons/-/flaticon-uicons-3.1.0.tgz",
      "integrity": "sha512-+HV3esPBXCgpkfjV4YjT2mwXsUeTO92j8tqcFOecZYMHUK+CZJplw9GPeiMDt4WYUhmcZGkH3/v8JThkETc9GA==",
      "optionalDependencies": {
        "esbuild-linux-64": "^0.14.5"
      }
    },
    "node_modules/@fortawesome/fontawesome-free": {
      "version": "6.5.1",
      "resolved": "https://registry.npmjs.org/@fortawesome/fontawesome-free/-/fontawesome-free-6.5.1.tgz",
      "integrity": "sha512-CNy5vSwN3fsUStPRLX7fUYojyuzoEMSXPl7zSLJ8TgtRfjv24LOnOWKT2zYwaHZCJGkdyRnTmstR0P+Ah503Gw==",
      "hasInstallScript": true,
      "engines": {
        "node": ">=6"
      }
    },
    "node_modules/@popperjs/core": {
      "version": "2.11.8",
      "resolved": "https://registry.npmjs.org/@popperjs/core/-/core-2.11.8.tgz",
      "integrity": "sha512-P1st0aksCrn9sGZhp8GMYwBnQsbvAWsZAX44oXNNvLHGqAOcoVxmjZiohstwQ7SqKnbR47akdNi+uleWD8+g6A==",
      "peer": true,
      "funding": {
        "type": "opencollective",
        "url": "https://opencollective.com/popperjs"
      }
    },
    "node_modules/@splidejs/splide": {
      "version": "4.1.4",
      "resolved": "https://registry.npmjs.org/@splidejs/splide/-/splide-4.1.4.tgz",
      "integrity": "sha512-5I30evTJcAJQXt6vJ26g2xEkG+l1nXcpEw4xpKh0/FWQ8ozmAeTbtniVtVmz2sH1Es3vgfC4SS8B2X4o5JMptA=="
    },
    "node_modules/bootstrap": {
      "version": "5.3.2",
      "resolved": "https://registry.npmjs.org/bootstrap/-/bootstrap-5.3.2.tgz",
      "integrity": "sha512-D32nmNWiQHo94BKHLmOrdjlL05q1c8oxbtBphQFb9Z5to6eGRDCm0QgeaZ4zFBHzfg2++rqa2JkqCcxDy0sH0g==",
      "funding": [
        {
          "type": "github",
          "url": "https://github.com/sponsors/twbs"
        },
        {
          "type": "opencollective",
          "url": "https://opencollective.com/bootstrap"
        }
      ],
      "peerDependencies": {
        "@popperjs/core": "^2.11.8"
      }
    },
    "node_modules/esbuild-linux-64": {
      "version": "0.14.54",
      "resolved": "https://registry.npmjs.org/esbuild-linux-64/-/esbuild-linux-64-0.14.54.tgz",
      "integrity": "sha512-EgjAgH5HwTbtNsTqQOXWApBaPVdDn7XcK+/PtJwZLT1UmpLoznPd8c5CxqsH2dQK3j05YsB3L17T8vE7cp4cCg==",
      "cpu": [
        "x64"
      ],
      "optional": true,
      "os": [
        "linux"
      ],
      "engines": {
        "node": ">=12"
      }
    }
  }
}
